// !$*UTF8*$!
{
	archiveVersion = 1;
	classes = {
	};
	objectVersion = 50;
	objects = {

/* Begin PBXBuildFile section */
		167F486224114A54007BF6B0 /* AppDelegate.swift in Sources */ = {isa = PBXBuildFile; fileRef = 167F486124114A54007BF6B0 /* AppDelegate.swift */; };
		167F486724114A54007BF6B0 /* Main.storyboard in Resources */ = {isa = PBXBuildFile; fileRef = 167F486524114A54007BF6B0 /* Main.storyboard */; };
		167F486924114A68007BF6B0 /* Assets.xcassets in Resources */ = {isa = PBXBuildFile; fileRef = 167F486824114A68007BF6B0 /* Assets.xcassets */; };
		167F486C24114A68007BF6B0 /* LaunchScreen.storyboard in Resources */ = {isa = PBXBuildFile; fileRef = 167F486A24114A68007BF6B0 /* LaunchScreen.storyboard */; };
		167F487724114A68007BF6B0 /* Twitter_Stretchy_HeaderTests.swift in Sources */ = {isa = PBXBuildFile; fileRef = 167F487624114A68007BF6B0 /* Twitter_Stretchy_HeaderTests.swift */; };
		167F488224114A68007BF6B0 /* Twitter_Stretchy_HeaderUITests.swift in Sources */ = {isa = PBXBuildFile; fileRef = 167F488124114A68007BF6B0 /* Twitter_Stretchy_HeaderUITests.swift */; };
		167F489224114AFE007BF6B0 /* StretchyHeaderController.swift in Sources */ = {isa = PBXBuildFile; fileRef = 167F488F24114AFB007BF6B0 /* StretchyHeaderController.swift */; };
		167F489324114AFE007BF6B0 /* HeaderViewCell.swift in Sources */ = {isa = PBXBuildFile; fileRef = 167F489024114AFC007BF6B0 /* HeaderViewCell.swift */; };
		167F489424114AFE007BF6B0 /* StretchyHeaderLayout.swift in Sources */ = {isa = PBXBuildFile; fileRef = 167F489124114AFD007BF6B0 /* StretchyHeaderLayout.swift */; };
/* End PBXBuildFile section */

/* Begin PBXContainerItemProxy section */
		167F487324114A68007BF6B0 /* PBXContainerItemProxy */ = {
			isa = PBXContainerItemProxy;
			containerPortal = 167F485624114A54007BF6B0 /* Project object */;
			proxyType = 1;
			remoteGlobalIDString = 167F485D24114A54007BF6B0;
			remoteInfo = Twitter_Stretchy_Header;
		};
		167F487E24114A68007BF6B0 /* PBXContainerItemProxy */ = {
			isa = PBXContainerItemProxy;
			containerPortal = 167F485624114A54007BF6B0 /* Project object */;
			proxyType = 1;
			remoteGlobalIDString = 167F485D24114A54007BF6B0;
			remoteInfo = Twitter_Stretchy_Header;
		};
/* End PBXContainerItemProxy section */

/* Begin PBXFileReference section */
		167F485E24114A54007BF6B0 /* Twitter_Stretchy_Header.app */ = {isa = PBXFileReference; explicitFileType = wrapper.application; includeInIndex = 0; path = Twitter_Stretchy_Header.app; sourceTree = BUILT_PRODUCTS_DIR; };
		167F486124114A54007BF6B0 /* AppDelegate.swift */ = {isa = PBXFileReference; lastKnownFileType = sourcecode.swift; path = AppDelegate.swift; sourceTree = "<group>"; };
		167F486624114A54007BF6B0 /* Base */ = {isa = PBXFileReference; lastKnownFileType = file.storyboard; name = Base; path = Base.lproj/Main.storyboard; sourceTree = "<group>"; };
		167F486824114A68007BF6B0 /* Assets.xcassets */ = {isa = PBXFileReference; lastKnownFileType = folder.assetcatalog; path = Assets.xcassets; sourceTree = "<group>"; };
		167F486B24114A68007BF6B0 /* Base */ = {isa = PBXFileReference; lastKnownFileType = file.storyboard; name = Base; path = Base.lproj/LaunchScreen.storyboard; sourceTree = "<group>"; };
		167F486D24114A68007BF6B0 /* Info.plist */ = {isa = PBXFileReference; lastKnownFileType = text.plist.xml; path = Info.plist; sourceTree = "<group>"; };
		167F487224114A68007BF6B0 /* Twitter_Stretchy_HeaderTests.xctest */ = {isa = PBXFileReference; explicitFileType = wrapper.cfbundle; includeInIndex = 0; path = Twitter_Stretchy_HeaderTests.xctest; sourceTree = BUILT_PRODUCTS_DIR; };
		167F487624114A68007BF6B0 /* Twitter_Stretchy_HeaderTests.swift */ = {isa = PBXFileReference; lastKnownFileType = sourcecode.swift; path = Twitter_Stretchy_HeaderTests.swift; sourceTree = "<group>"; };
		167F487824114A68007BF6B0 /* Info.plist */ = {isa = PBXFileReference; lastKnownFileType = text.plist.xml; path = Info.plist; sourceTree = "<group>"; };
		167F487D24114A68007BF6B0 /* Twitter_Stretchy_HeaderUITests.xctest */ = {isa = PBXFileReference; explicitFileType = wrapper.cfbundle; includeInIndex = 0; path = Twitter_Stretchy_HeaderUITests.xctest; sourceTree = BUILT_PRODUCTS_DIR; };
		167F488124114A68007BF6B0 /* Twitter_Stretchy_HeaderUITests.swift */ = {isa = PBXFileReference; lastKnownFileType = sourcecode.swift; path = Twitter_Stretchy_HeaderUITests.swift; sourceTree = "<group>"; };
		167F488324114A68007BF6B0 /* Info.plist */ = {isa = PBXFileReference; lastKnownFileType = text.plist.xml; path = Info.plist; sourceTree = "<group>"; };
		167F488F24114AFB007BF6B0 /* StretchyHeaderController.swift */ = {isa = PBXFileReference; fileEncoding = 4; lastKnownFileType = sourcecode.swift; path = StretchyHeaderController.swift; sourceTree = "<group>"; };
		167F489024114AFC007BF6B0 /* HeaderViewCell.swift */ = {isa = PBXFileReference; fileEncoding = 4; lastKnownFileType = sourcecode.swift; path = HeaderViewCell.swift; sourceTree = "<group>"; };
		167F489124114AFD007BF6B0 /* StretchyHeaderLayout.swift */ = {isa = PBXFileReference; fileEncoding = 4; lastKnownFileType = sourcecode.swift; path = StretchyHeaderLayout.swift; sourceTree = "<group>"; };
/* End PBXFileReference section */

/* Begin PBXFrameworksBuildPhase section */
		167F485B24114A54007BF6B0 /* Frameworks */ = {
			isa = PBXFrameworksBuildPhase;
			buildActionMask = 2147483647;
			files = (
			);
			runOnlyForDeploymentPostprocessing = 0;
		};
		167F486F24114A68007BF6B0 /* Frameworks */ = {
			isa = PBXFrameworksBuildPhase;
			buildActionMask = 2147483647;
			files = (
			);
			runOnlyForDeploymentPostprocessing = 0;
		};
		167F487A24114A68007BF6B0 /* Frameworks */ = {
			isa = PBXFrameworksBuildPhase;
			buildActionMask = 2147483647;
			files = (
			);
			runOnlyForDeploymentPostprocessing = 0;
		};
/* End PBXFrameworksBuildPhase section */

/* Begin PBXGroup section */
		167F485524114A54007BF6B0 = {
			isa = PBXGroup;
			children = (
				167F486024114A54007BF6B0 /* Twitter_Stretchy_Header */,
				167F487524114A68007BF6B0 /* Twitter_Stretchy_HeaderTests */,
				167F488024114A68007BF6B0 /* Twitter_Stretchy_HeaderUITests */,
				167F485F24114A54007BF6B0 /* Products */,
			);
			sourceTree = "<group>";
		};
		167F485F24114A54007BF6B0 /* Products */ = {
			isa = PBXGroup;
			children = (
				167F485E24114A54007BF6B0 /* Twitter_Stretchy_Header.app */,
				167F487224114A68007BF6B0 /* Twitter_Stretchy_HeaderTests.xctest */,
				167F487D24114A68007BF6B0 /* Twitter_Stretchy_HeaderUITests.xctest */,
			);
			name = Products;
			sourceTree = "<group>";
		};
		167F486024114A54007BF6B0 /* Twitter_Stretchy_Header */ = {
			isa = PBXGroup;
			children = (
				167F486124114A54007BF6B0 /* AppDelegate.swift */,
				167F488F24114AFB007BF6B0 /* StretchyHeaderController.swift */,
				167F489024114AFC007BF6B0 /* HeaderViewCell.swift */,
				167F489124114AFD007BF6B0 /* StretchyHeaderLayout.swift */,
				167F486524114A54007BF6B0 /* Main.storyboard */,
				167F486824114A68007BF6B0 /* Assets.xcassets */,
				167F486A24114A68007BF6B0 /* LaunchScreen.storyboard */,
				167F486D24114A68007BF6B0 /* Info.plist */,
			);
			path = Twitter_Stretchy_Header;
			sourceTree = "<group>";
		};
		167F487524114A68007BF6B0 /* Twitter_Stretchy_HeaderTests */ = {
			isa = PBXGroup;
			children = (
				167F487624114A68007BF6B0 /* Twitter_Stretchy_HeaderTests.swift */,
				167F487824114A68007BF6B0 /* Info.plist */,
			);
			path = Twitter_Stretchy_HeaderTests;
			sourceTree = "<group>";
		};
		167F488024114A68007BF6B0 /* Twitter_Stretchy_HeaderUITests */ = {
			isa = PBXGroup;
			children = (
				167F488124114A68007BF6B0 /* Twitter_Stretchy_HeaderUITests.swift */,
				167F488324114A68007BF6B0 /* Info.plist */,
			);
			path = Twitter_Stretchy_HeaderUITests;
			sourceTree = "<group>";
		};
/* End PBXGroup section */

/* Begin PBXNativeTarget section */
		167F485D24114A54007BF6B0 /* Twitter_Stretchy_Header */ = {
			isa = PBXNativeTarget;
			buildConfigurationList = 167F488624114A69007BF6B0 /* Build configuration list for PBXNativeTarget "Twitter_Stretchy_Header" */;
			buildPhases = (
				167F485A24114A54007BF6B0 /* Sources */,
				167F485B24114A54007BF6B0 /* Frameworks */,
				167F485C24114A54007BF6B0 /* Resources */,
			);
			buildRules = (
			);
			dependencies = (
			);
			name = Twitter_Stretchy_Header;
			productName = Twitter_Stretchy_Header;
			productReference = 167F485E24114A54007BF6B0 /* Twitter_Stretchy_Header.app */;
			productType = "com.apple.product-type.application";
		};
		167F487124114A68007BF6B0 /* Twitter_Stretchy_HeaderTests */ = {
			isa = PBXNativeTarget;
			buildConfigurationList = 167F488924114A69007BF6B0 /* Build configuration list for PBXNativeTarget "Twitter_Stretchy_HeaderTests" */;
			buildPhases = (
				167F486E24114A68007BF6B0 /* Sources */,
				167F486F24114A68007BF6B0 /* Frameworks */,
				167F487024114A68007BF6B0 /* Resources */,
			);
			buildRules = (
			);
			dependencies = (
				167F487424114A68007BF6B0 /* PBXTargetDependency */,
			);
			name = Twitter_Stretchy_HeaderTests;
			productName = Twitter_Stretchy_HeaderTests;
			productReference = 167F487224114A68007BF6B0 /* Twitter_Stretchy_HeaderTests.xctest */;
			productType = "com.apple.product-type.bundle.unit-test";
		};
		167F487C24114A68007BF6B0 /* Twitter_Stretchy_HeaderUITests */ = {
			isa = PBXNativeTarget;
			buildConfigurationList = 167F488C24114A69007BF6B0 /* Build configuration list for PBXNativeTarget "Twitter_Stretchy_HeaderUITests" */;
			buildPhases = (
				167F487924114A68007BF6B0 /* Sources */,
				167F487A24114A68007BF6B0 /* Frameworks */,
				167F487B24114A68007BF6B0 /* Resources */,
			);
			buildRules = (
			);
			dependencies = (
				167F487F24114A68007BF6B0 /* PBXTargetDependency */,
			);
			name = Twitter_Stretchy_HeaderUITests;
			productName = Twitter_Stretchy_HeaderUITests;
			productReference = 167F487D24114A68007BF6B0 /* Twitter_Stretchy_HeaderUITests.xctest */;
			productType = "com.apple.product-type.bundle.ui-testing";
		};
/* End PBXNativeTarget section */

/* Begin PBXProject section */
		167F485624114A54007BF6B0 /* Project object */ = {
			isa = PBXProject;
			attributes = {
				LastSwiftUpdateCheck = 1030;
				LastUpgradeCheck = 1030;
				ORGANIZATIONNAME = Elser_10;
				TargetAttributes = {
					167F485D24114A54007BF6B0 = {
						CreatedOnToolsVersion = 10.3;
					};
					167F487124114A68007BF6B0 = {
						CreatedOnToolsVersion = 10.3;
						TestTargetID = 167F485D24114A54007BF6B0;
					};
					167F487C24114A68007BF6B0 = {
						CreatedOnToolsVersion = 10.3;
						TestTargetID = 167F485D24114A54007BF6B0;
					};
				};
			};
			buildConfigurationList = 167F485924114A54007BF6B0 /* Build configuration list for PBXProject "Twitter_Stretchy_Header" */;
			compatibilityVersion = "Xcode 9.3";
			developmentRegion = en;
			hasScannedForEncodings = 0;
			knownRegions = (
				en,
				Base,
			);
			mainGroup = 167F485524114A54007BF6B0;
			productRefGroup = 167F485F24114A54007BF6B0 /* Products */;
			projectDirPath = "";
			projectRoot = "";
			targets = (
				167F485D24114A54007BF6B0 /* Twitter_Stretchy_Header */,
				167F487124114A68007BF6B0 /* Twitter_Stretchy_HeaderTests */,
				167F487C24114A68007BF6B0 /* Twitter_Stretchy_HeaderUITests */,
			);
		};
/* End PBXProject section */

/* Begin PBXResourcesBuildPhase section */
		167F485C24114A54007BF6B0 /* Resources */ = {
			isa = PBXResourcesBuildPhase;
			buildActionMask = 2147483647;
			files = (
				167F486C24114A68007BF6B0 /* LaunchScreen.storyboard in Resources */,
				167F486924114A68007BF6B0 /* Assets.xcassets in Resources */,
				167F486724114A54007BF6B0 /* Main.storyboard in Resources */,
			);
			runOnlyForDeploymentPostprocessing = 0;
		};
		167F487024114A68007BF6B0 /* Resources */ = {
			isa = PBXResourcesBuildPhase;
			buildActionMask = 2147483647;
			files = (
			);
			runOnlyForDeploymentPostprocessing = 0;
		};
		167F487B24114A68007BF6B0 /* Resources */ = {
			isa = PBXResourcesBuildPhase;
			buildActionMask = 2147483647;
			files = (
			);
			runOnlyForDeploymentPostprocessing = 0;
		};
/* End PBXResourcesBuildPhase section */

/* Begin PBXSourcesBuildPhase section */
		167F485A24114A54007BF6B0 /* Sources */ = {
			isa = PBXSourcesBuildPhase;
			buildActionMask = 2147483647;
			files = (
				167F489324114AFE007BF6B0 /* HeaderViewCell.swift in Sources */,
				167F489224114AFE007BF6B0 /* StretchyHeaderController.swift in Sources */,
				167F489424114AFE007BF6B0 /* StretchyHeaderLayout.swift in Sources */,
				167F486224114A54007BF6B0 /* AppDelegate.swift in Sources */,
			);
			runOnlyForDeploymentPostprocessing = 0;
		};
		167F486E24114A68007BF6B0 /* Sources */ = {
			isa = PBXSourcesBuildPhase;
			buildActionMask = 2147483647;
			files = (
				167F487724114A68007BF6B0 /* Twitter_Stretchy_HeaderTests.swift in Sources */,
			);
			runOnlyForDeploymentPostprocessing = 0;
		};
		167F487924114A68007BF6B0 /* Sources */ = {
			isa = PBXSourcesBuildPhase;
			buildActionMask = 2147483647;
			files = (
				167F488224114A68007BF6B0 /* Twitter_Stretchy_HeaderUITests.swift in Sources */,
			);
			runOnlyForDeploymentPostprocessing = 0;
		};
/* End PBXSourcesBuildPhase section */

/* Begin PBXTargetDependency section */
		167F487424114A68007BF6B0 /* PBXTargetDependency */ = {
			isa = PBXTargetDependency;
			target = 167F485D24114A54007BF6B0 /* Twitter_Stretchy_Header */;
			targetProxy = 167F487324114A68007BF6B0 /* PBXContainerItemProxy */;
		};
		167F487F24114A68007BF6B0 /* PBXTargetDependency */ = {
			isa = PBXTargetDependency;
			target = 167F485D24114A54007BF6B0 /* Twitter_Stretchy_Header */;
			targetProxy = 167F487E24114A68007BF6B0 /* PBXContainerItemProxy */;
		};
/* End PBXTargetDependency section */

/* Begin PBXVariantGroup section */
		167F486524114A54007BF6B0 /* Main.storyboard */ = {
			isa = PBXVariantGroup;
			children = (
				167F486624114A54007BF6B0 /* Base */,
			);
			name = Main.storyboard;
			sourceTree = "<group>";
		};
		167F486A24114A68007BF6B0 /* LaunchScreen.storyboard */ = {
			isa = PBXVariantGroup;
			children = (
				167F486B24114A68007BF6B0 /* Base */,
			);
			name = LaunchScreen.storyboard;
			sourceTree = "<group>";
		};
/* End PBXVariantGroup section */

/* Begin XCBuildConfiguration section */
		167F488424114A68007BF6B0 /* Debug */ = {
			isa = XCBuildConfiguration;
			buildSettings = {
				ALWAYS_SEARCH_USER_PATHS = NO;
				CLANG_ANALYZER_NONNULL = YES;
				CLANG_ANALYZER_NUMBER_OBJECT_CONVERSION = YES_AGGRESSIVE;
				CLANG_CXX_LANGUAGE_STANDARD = "gnu++14";
				CLANG_CXX_LIBRARY = "libc++";
				CLANG_ENABLE_MODULES = YES;
				CLANG_ENABLE_OBJC_ARC = YES;
				CLANG_ENABLE_OBJC_WEAK = YES;
				CLANG_WARN_BLOCK_CAPTURE_AUTORELEASING = YES;
				CLANG_WARN_BOOL_CONVERSION = YES;
				CLANG_WARN_COMMA = YES;
				CLANG_WARN_CONSTANT_CONVERSION = YES;
				CLANG_WARN_DEPRECATED_OBJC_IMPLEMENTATIONS = YES;
				CLANG_WARN_DIRECT_OBJC_ISA_USAGE = YES_ERROR;
				CLANG_WARN_DOCUMENTATION_COMMENTS = YES;
				CLANG_WARN_EMPTY_BODY = YES;
				CLANG_WARN_ENUM_CONVERSION = YES;
				CLANG_WARN_INFINITE_RECURSION = YES;
				CLANG_WARN_INT_CONVERSION = YES;
				CLANG_WARN_NON_LITERAL_NULL_CONVERSION = YES;
				CLANG_WARN_OBJC_IMPLICIT_RETAIN_SELF = YES;
				CLANG_WARN_OBJC_LITERAL_CONVERSION = YES;
				CLANG_WARN_OBJC_ROOT_CLASS = YES_ERROR;
				CLANG_WARN_RANGE_LOOP_ANALYSIS = YES;
				CLANG_WARN_STRICT_PROTOTYPES = YES;
				CLANG_WARN_SUSPICIOUS_MOVE = YES;
				CLANG_WARN_UNGUARDED_AVAILABILITY = YES_AGGRESSIVE;
				CLANG_WARN_UNREACHABLE_CODE = YES;
				CLANG_WARN__DUPLICATE_METHOD_MATCH = YES;
				CODE_SIGN_IDENTITY = "iPhone Developer";
				COPY_PHASE_STRIP = NO;
				DEBUG_INFORMATION_FORMAT = dwarf;
				ENABLE_STRICT_OBJC_MSGSEND = YES;
				ENABLE_TESTABILITY = YES;
				GCC_C_LANGUAGE_STANDARD = gnu11;
				GCC_DYNAMIC_NO_PIC = NO;
				GCC_NO_COMMON_BLOCKS = YES;
				GCC_OPTIMIZATION_LEVEL = 0;
				GCC_PREPROCESSOR_DEFINITIONS = (
					"DEBUG=1",
					"$(inherited)",
				);
				GCC_WARN_64_TO_32_BIT_CONVERSION = YES;
				GCC_WARN_ABOUT_RETURN_TYPE = YES_ERROR;
				GCC_WARN_UNDECLARED_SELECTOR = YES;
				GCC_WARN_UNINITIALIZED_AUTOS = YES_AGGRESSIVE;
				GCC_WARN_UNUSED_FUNCTION = YES;
				GCC_WARN_UNUSED_VARIABLE = YES;
				IPHONEOS_DEPLOYMENT_TARGET = 12.4;
				MTL_ENABLE_DEBUG_INFO = INCLUDE_SOURCE;
				MTL_FAST_MATH = YES;
				ONLY_ACTIVE_ARCH = YES;
				SDKROOT = iphoneos;
				SWIFT_ACTIVE_COMPILATION_CONDITIONS = DEBUG;
				SWIFT_OPTIMIZATION_LEVEL = "-Onone";
			};
			name = Debug;
		};
		167F488524114A69007BF6B0 /* Release */ = {
			isa = XCBuildConfiguration;
			buildSettings = {
				ALWAYS_SEARCH_USER_PATHS = NO;
				CLANG_ANALYZER_NONNULL = YES;
				CLANG_ANALYZER_NUMBER_OBJECT_CONVERSION = YES_AGGRESSIVE;
				CLANG_CXX_LANGUAGE_STANDARD = "gnu++14";
				CLANG_CXX_LIBRARY = "libc++";
				CLANG_ENABLE_MODULES = YES;
				CLANG_ENABLE_OBJC_ARC = YES;
				CLANG_ENABLE_OBJC_WEAK = YES;
				CLANG_WARN_BLOCK_CAPTURE_AUTORELEASING = YES;
				CLANG_WARN_BOOL_CONVERSION = YES;
				CLANG_WARN_COMMA = YES;
				CLANG_WARN_CONSTANT_CONVERSION = YES;
				CLANG_WARN_DEPRECATED_OBJC_IMPLEMENTATIONS = YES;
				CLANG_WARN_DIRECT_OBJC_ISA_USAGE = YES_ERROR;
				CLANG_WARN_DOCUMENTATION_COMMENTS = YES;
				CLANG_WARN_EMPTY_BODY = YES;
				CLANG_WARN_ENUM_CONVERSION = YES;
				CLANG_WARN_INFINITE_RECURSION = YES;
				CLANG_WARN_INT_CONVERSION = YES;
				CLANG_WARN_NON_LITERAL_NULL_CONVERSION = YES;
				CLANG_WARN_OBJC_IMPLICIT_RETAIN_SELF = YES;
				CLANG_WARN_OBJC_LITERAL_CONVERSION = YES;
				CLANG_WARN_OBJC_ROOT_CLASS = YES_ERROR;
				CLANG_WARN_RANGE_LOOP_ANALYSIS = YES;
				CLANG_WARN_STRICT_PROTOTYPES = YES;
				CLANG_WARN_SUSPICIOUS_MOVE = YES;
				CLANG_WARN_UNGUARDED_AVAILABILITY = YES_AGGRESSIVE;
				CLANG_WARN_UNREACHABLE_CODE = YES;
				CLANG_WARN__DUPLICATE_METHOD_MATCH = YES;
				CODE_SIGN_IDENTITY = "iPhone Developer";
				COPY_PHASE_STRIP = NO;
				DEBUG_INFORMATION_FORMAT = "dwarf-with-dsym";
				ENABLE_NS_ASSERTIONS = NO;
				ENABLE_STRICT_OBJC_MSGSEND = YES;
				GCC_C_LANGUAGE_STANDARD = gnu11;
				GCC_NO_COMMON_BLOCKS = YES;
				GCC_WARN_64_TO_32_BIT_CONVERSION = YES;
				GCC_WARN_ABOUT_RETURN_TYPE = YES_ERROR;
				GCC_WARN_UNDECLARED_SELECTOR = YES;
				GCC_WARN_UNINITIALIZED_AUTOS = YES_AGGRESSIVE;
				GCC_WARN_UNUSED_FUNCTION = YES;
				GCC_WARN_UNUSED_VARIABLE = YES;
				IPHONEOS_DEPLOYMENT_TARGET = 12.4;
				MTL_ENABLE_DEBUG_INFO = NO;
				MTL_FAST_MATH = YES;
				SDKROOT = iphoneos;
				SWIFT_COMPILATION_MODE = wholemodule;
				SWIFT_OPTIMIZATION_LEVEL = "-O";
				VALIDATE_PRODUCT = YES;
			};
			name = Release;
		};
		167F488724114A69007BF6B0 /* Debug */ = {
			isa = XCBuildConfiguration;
			buildSettings = {
				ASSETCATALOG_COMPILER_APPICON_NAME = AppIcon;
				CODE_SIGN_STYLE = Automatic;
				DEVELOPMENT_TEAM = WY4TJYTZW4;
				INFOPLIST_FILE = Twitter_Stretchy_Header/Info.plist;
				LD_RUNPATH_SEARCH_PATHS = (
					"$(inherited)",
					"@executable_path/Frameworks",
				);
				PRODUCT_BUNDLE_IDENTIFIER = "com.AhmedElserafy.Twitter-Stretchy-Header";
				PRODUCT_NAME = "$(TARGET_NAME)";
				SWIFT_VERSION = 5.0;
				TARGETED_DEVICE_FAMILY = "1,2";
			};
			name = Debug;
		};
		167F488824114A69007BF6B0 /* Release */ = {
			isa = XCBuildConfiguration;
			buildSettings = {
				ASSETCATALOG_COMPILER_APPICON_NAME = AppIcon;
				CODE_SIGN_STYLE = Automatic;
				DEVELOPMENT_TEAM = WY4TJYTZW4;
				INFOPLIST_FILE = Twitter_Stretchy_Header/Info.plist;
				LD_RUNPATH_SEARCH_PATHS = (
					"$(inherited)",
					"@executable_path/Frameworks",
				);
				PRODUCT_BUNDLE_IDENTIFIER = "com.AhmedElserafy.Twitter-Stretchy-Header";
				PRODUCT_NAME = "$(TARGET_NAME)";
				SWIFT_VERSION = 5.0;
				TARGETED_DEVICE_FAMILY = "1,2";
			};
			name = Release;
		};
		167F488A24114A69007BF6B0 /* Debug */ = {
			isa = XCBuildConfiguration;
			buildSettings = {
				ALWAYS_EMBED_SWIFT_STANDARD_LIBRARIES = YES;
				BUNDLE_LOADER = "$(TEST_HOST)";
				CODE_SIGN_STYLE = Automatic;
				INFOPLIST_FILE = Twitter_Stretchy_HeaderTests/Info.plist;
				LD_RUNPATH_SEARCH_PATHS = (
					"$(inherited)",
					"@executable_path/Frameworks",
					"@loader_path/Frameworks",
				);
				PRODUCT_BUNDLE_IDENTIFIER = "com.AhmedElserafy.Twitter-Stretchy-HeaderTests";
				PRODUCT_NAME = "$(TARGET_NAME)";
				SWIFT_VERSION = 5.0;
				TARGETED_DEVICE_FAMILY = "1,2";
				TEST_HOST = "$(BUILT_PRODUCTS_DIR)/Twitter_Stretchy_Header.app/Twitter_Stretchy_Header";
			};
			name = Debug;
		};
		167F488B24114A69007BF6B0 /* Release */ = {
			isa = XCBuildConfiguration;
			buildSettings = {
				ALWAYS_EMBED_SWIFT_STANDARD_LIBRARIES = YES;
				BUNDLE_LOADER = "$(TEST_HOST)";
				CODE_SIGN_STYLE = Automatic;
				INFOPLIST_FILE = Twitter_Stretchy_HeaderTests/Info.plist;
				LD_RUNPATH_SEARCH_PATHS = (
					"$(inherited)",
					"@executable_path/Frameworks",
					"@loader_path/Frameworks",
				);
				PRODUCT_BUNDLE_IDENTIFIER = "com.AhmedElserafy.Twitter-Stretchy-HeaderTests";
				PRODUCT_NAME = "$(TARGET_NAME)";
				SWIFT_VERSION = 5.0;
				TARGETED_DEVICE_FAMILY = "1,2";
				TEST_HOST = "$(BUILT_PRODUCTS_DIR)/Twitter_Stretchy_Header.app/Twitter_Stretchy_Header";
			};
			name = Release;
		};
		167F488D24114A69007BF6B0 /* Debug */ = {
			isa = XCBuildConfiguration;
			buildSettings = {
				ALWAYS_EMBED_SWIFT_STANDARD_LIBRARIES = YES;
				CODE_SIGN_STYLE = Automatic;
				INFOPLIST_FILE = Twitter_Stretchy_HeaderUITests/Info.plist;
				LD_RUNPATH_SEARCH_PATHS = (
					"$(inherited)",
					"@executable_path/Frameworks",
					"@loader_path/Frameworks",
				);
				PRODUCT_BUNDLE_IDENTIFIER = "com.AhmedElserafy.Twitter-Stretchy-HeaderUITests";
				PRODUCT_NAME = "$(TARGET_NAME)";
				SWIFT_VERSION = 5.0;
				TARGETED_DEVICE_FAMILY = "1,2";
				TEST_TARGET_NAME = Twitter_Stretchy_Header;
			};
			name = Debug;
		};
		167F488E24114A69007BF6B0 /* Release */ = {
			isa = XCBuildConfiguration;
			buildSettings = {
				ALWAYS_EMBED_SWIFT_STANDARD_LIBRARIES = YES;
				CODE_SIGN_STYLE = Automatic;
				INFOPLIST_FILE = Twitter_Stretchy_HeaderUITests/Info.plist;
				LD_RUNPATH_SEARCH_PATHS = (
					"$(inherited)",
					"@executable_path/Frameworks",
					"@loader_path/Frameworks",
				);
				PRODUCT_BUNDLE_IDENTIFIER = "com.AhmedElserafy.Twitter-Stretchy-HeaderUITests";
				PRODUCT_NAME = "$(TARGET_NAME)";
				SWIFT_VERSION = 5.0;
				TARGETED_DEVICE_FAMILY = "1,2";
				TEST_TARGET_NAME = Twitter_Stretchy_Header;
			};
			name = Release;
		};
/* End XCBuildConfiguration section */

/* Begin XCConfigurationList section */
		167F485924114A54007BF6B0 /* Build configuration list for PBXProject "Twitter_Stretchy_Header" */ = {
			isa = XCConfigurationList;
			buildConfigurations = (
				167F488424114A68007BF6B0 /* Debug */,
				167F488524114A69007BF6B0 /* Release */,
			);
			defaultConfigurationIsVisible = 0;
			defaultConfigurationName = Release;
		};
		167F488624114A69007BF6B0 /* Build configuration list for PBXNativeTarget "Twitter_Stretchy_Header" */ = {
			isa = XCConfigurationList;
			buildConfigurations = (
				167F488724114A69007BF6B0 /* Debug */,
				167F488824114A69007BF6B0 /* Release */,
			);
			defaultConfigurationIsVisible = 0;
			defaultConfigurationName = Release;
		};
		167F488924114A69007BF6B0 /* Build configuration list for PBXNativeTarget "Twitter_Stretchy_HeaderTests" */ = {
			isa = XCConfigurationList;
			buildConfigurations = (
				167F488A24114A69007BF6B0 /* Debug */,
				167F488B24114A69007BF6B0 /* Release */,
			);
			defaultConfigurationIsVisible = 0;
			defaultConfigurationName = Release;
		};
		167F488C24114A69007BF6B0 /* Build configuration list for PBXNativeTarget "Twitter_Stretchy_HeaderUITests" */ = {
			isa = XCConfigurationList;
			buildConfigurations = (
				167F488D24114A69007BF6B0 /* Debug */,
				167F488E24114A69007BF6B0 /* Release */,
			);
			defaultConfigurationIsVisible = 0;
			defaultConfigurationName = Release;
		};
/* End XCConfigurationList section */
	};
	rootObject = 167F485624114A54007BF6B0 /* Project object */;
}
